
Microsoft Visual Studio Solution File, Format Version 12.00
# Visual Studio Version 17
VisualStudioVersion = 17.0.31903.59
MinimumVisualStudioVersion = 10.0.40219.1
Project("{9A19103F-16F7-4668-BE54-9A1E7A4F7556}") = "TransparentWinUI3", "TransparentWinUI3.csproj", "{19986D4A-76B2-4620-B920-015F4DB26DC4}"
EndProject
Global
	GlobalSection(SolutionConfigurationPlatforms) = preSolution
		Debug|Any CPU = Debug|Any CPU
		Release|Any CPU = Release|Any CPU
	EndGlobalSection
	GlobalSection(ProjectConfigurationPlatforms) = postSolution
		{19986D4A-76B2-4620-B920-015F4DB26DC4}.Debug|Any CPU.ActiveCfg = Debug|x64
		{19986D4A-76B2-4620-B920-015F4DB26DC4}.Debug|Any CPU.Build.0 = Debug|x64
		{19986D4A-76B2-4620-B920-015F4DB26DC4}.Debug|Any CPU.Deploy.0 = Debug|x64
		{19986D4A-76B2-4620-B920-015F4DB26DC4}.Release|Any CPU.ActiveCfg = Release|x64
		{19986D4A-76B2-4620-B920-015F4DB26DC4}.Release|Any CPU.Build.0 = Release|x64
		{19986D4A-76B2-4620-B920-015F4DB26DC4}.Release|Any CPU.Deploy.0 = Release|x64
	EndGlobalSection
	GlobalSection(SolutionProperties) = preSolution
		HideSolutionNode = FALSE
	EndGlobalSection
	GlobalSection(ExtensibilityGlobals) = postSolution
		SolutionGuid = {62D136F2-A105-48C8-AC7D-B4D3C9A575FA}
	EndGlobalSection
EndGlobal
